
Microsoft Visual Studio Solution File, Format Version 12.00
# Visual Studio for Mac
Project("{FAE04EC0-301F-11D3-BF4B-00C04F79EFBC}") = "Assembly-CSharp", "Assembly-CSharp.csproj", "{ED9E1AEE-BEA3-B1AB-875E-C54876554852}"
EndProject
Global
	GlobalSection(SolutionConfigurationPlatforms) = preSolution
		Debug|Any CPU = Debug|Any CPU
		Release|Any CPU = Release|Any CPU
	EndGlobalSection
	GlobalSection(ProjectConfigurationPlatforms) = postSolution
		{ED9E1AEE-BEA3-B1AB-875E-C54876554852}.Debug|Any CPU.ActiveCfg = Debug|Any CPU
		{ED9E1AEE-BEA3-B1AB-875E-C54876554852}.Debug|Any CPU.Build.0 = Debug|Any CPU
		{ED9E1AEE-BEA3-B1AB-875E-C54876554852}.Release|Any CPU.ActiveCfg = Release|Any CPU
		{ED9E1AEE-BEA3-B1AB-875E-C54876554852}.Release|Any CPU.Build.0 = Release|Any CPU
	EndGlobalSection
	GlobalSection(SolutionProperties) = preSolution
		HideSolutionNode = FALSE
	EndGlobalSection
EndGlobal
